
Microsoft Visual Studio Solution File, Format Version 12.00
# Visual Studio 15
VisualStudioVersion = 15.0.28307.421
MinimumVisualStudioVersion = 10.0.40219.1
Project("{FAE04EC0-301F-11D3-BF4B-00C04F79EFBC}") = "Stock management", "Stock management\Stock management.csproj", "{8B715711-E9A5-42B6-9827-33409AA9D369}"
EndProject
Global
	GlobalSection(SolutionConfigurationPlatforms) = preSolution
		Debug|Any CPU = Debug|Any CPU
		Release|Any CPU = Release|Any CPU
	EndGlobalSection
	GlobalSection(ProjectConfigurationPlatforms) = postSolution
		{8B715711-E9A5-42B6-9827-33409AA9D369}.Debug|Any CPU.ActiveCfg = Debug|Any CPU
		{8B715711-E9A5-42B6-9827-33409AA9D369}.Debug|Any CPU.Build.0 = Debug|Any CPU
		{8B715711-E9A5-42B6-9827-33409AA9D369}.Release|Any CPU.ActiveCfg = Release|Any CPU
		{8B715711-E9A5-42B6-9827-33409AA9D369}.Release|Any CPU.Build.0 = Release|Any CPU
	EndGlobalSection
	GlobalSection(SolutionProperties) = preSolution
		HideSolutionNode = FALSE
	EndGlobalSection
	GlobalSection(ExtensibilityGlobals) = postSolution
		SolutionGuid = {1B11E82A-D3FD-4475-94BC-2FB4EA374A0B}
	EndGlobalSection
EndGlobal
